
Microsoft Visual Studio Solution File, Format Version 12.00
# Visual Studio 14
VisualStudioVersion = 14.0.25420.1
MinimumVisualStudioVersion = 10.0.40219.1
Project("{FAE04EC0-301F-11D3-BF4B-00C04F79EFBC}") = "OXY.Framework", "OXY.Framework\OXY.Framework.csproj", "{0E906254-3ADE-49D0-84B8-84DC9F175DFD}"
EndProject
Project("{2150E333-8FDC-42A3-9474-1A3956D46DE8}") = "Solution Items", "Solution Items", "{79DA3D98-3B1E-4903-BCC0-435571DCE265}"
	ProjectSection(SolutionItems) = preProject
		cocker-compose.yml = cocker-compose.yml
	EndProjectSection
EndProject
Project("{FAE04EC0-301F-11D3-BF4B-00C04F79EFBC}") = "OXY.Library", "OXY.Library\OXY.Library.csproj", "{87BC95ED-EC6D-4C9D-91D1-F2D4151E1694}"
EndProject
Project("{FAE04EC0-301F-11D3-BF4B-00C04F79EFBC}") = "Oxy.UnitTest", "Oxy.UnitTest\Oxy.UnitTest.csproj", "{10871586-0C51-457C-B30E-A30A3798FE36}"
EndProject
Project("{FAE04EC0-301F-11D3-BF4B-00C04F79EFBC}") = "OXY.WebAPI", "OXY.WebAPI\OXY.WebAPI.csproj", "{DE27C776-CB4C-42D4-9E82-8D655EDCF6AC}"
EndProject
Project("{FAE04EC0-301F-11D3-BF4B-00C04F79EFBC}") = "OXY.View", "OXY.View\OXY.View.csproj", "{0CFE5333-156B-44CE-83DB-56BFE386DA7B}"
EndProject
Project("{FAE04EC0-301F-11D3-BF4B-00C04F79EFBC}") = "OXY.WebAPIAngular", "OXY.WebAPIAngular\OXY.WebAPIAngular.csproj", "{E4C251A1-EAC3-4A2A-B73C-EE9832BFF5EF}"
EndProject
Global
	GlobalSection(SolutionConfigurationPlatforms) = preSolution
		Debug|Any CPU = Debug|Any CPU
		Debug|ARM = Debug|ARM
		Debug|x64 = Debug|x64
		Debug|x86 = Debug|x86
		Release|Any CPU = Release|Any CPU
		Release|ARM = Release|ARM
		Release|x64 = Release|x64
		Release|x86 = Release|x86
	EndGlobalSection
	GlobalSection(ProjectConfigurationPlatforms) = postSolution
		{0E906254-3ADE-49D0-84B8-84DC9F175DFD}.Debug|Any CPU.ActiveCfg = Debug|Any CPU
		{0E906254-3ADE-49D0-84B8-84DC9F175DFD}.Debug|Any CPU.Build.0 = Debug|Any CPU
		{0E906254-3ADE-49D0-84B8-84DC9F175DFD}.Debug|ARM.ActiveCfg = Debug|Any CPU
		{0E906254-3ADE-49D0-84B8-84DC9F175DFD}.Debug|ARM.Build.0 = Debug|Any CPU
		{0E906254-3ADE-49D0-84B8-84DC9F175DFD}.Debug|x64.ActiveCfg = Debug|Any CPU
		{0E906254-3ADE-49D0-84B8-84DC9F175DFD}.Debug|x64.Build.0 = Debug|Any CPU
		{0E906254-3ADE-49D0-84B8-84DC9F175DFD}.Debug|x86.ActiveCfg = Debug|Any CPU
		{0E906254-3ADE-49D0-84B8-84DC9F175DFD}.Debug|x86.Build.0 = Debug|Any CPU
		{0E906254-3ADE-49D0-84B8-84DC9F175DFD}.Release|Any CPU.ActiveCfg = Release|Any CPU
		{0E906254-3ADE-49D0-84B8-84DC9F175DFD}.Release|Any CPU.Build.0 = Release|Any CPU
		{0E906254-3ADE-49D0-84B8-84DC9F175DFD}.Release|ARM.ActiveCfg = Release|Any CPU
		{0E906254-3ADE-49D0-84B8-84DC9F175DFD}.Release|ARM.Build.0 = Release|Any CPU
		{0E906254-3ADE-49D0-84B8-84DC9F175DFD}.Release|x64.ActiveCfg = Release|Any CPU
		{0E906254-3ADE-49D0-84B8-84DC9F175DFD}.Release|x64.Build.0 = Release|Any CPU
		{0E906254-3ADE-49D0-84B8-84DC9F175DFD}.Release|x86.ActiveCfg = Release|Any CPU
		{0E906254-3ADE-49D0-84B8-84DC9F175DFD}.Release|x86.Build.0 = Release|Any CPU
		{87BC95ED-EC6D-4C9D-91D1-F2D4151E1694}.Debug|Any CPU.ActiveCfg = Debug|Any CPU
		{87BC95ED-EC6D-4C9D-91D1-F2D4151E1694}.Debug|Any CPU.Build.0 = Debug|Any CPU
		{87BC95ED-EC6D-4C9D-91D1-F2D4151E1694}.Debug|ARM.ActiveCfg = Debug|Any CPU
		{87BC95ED-EC6D-4C9D-91D1-F2D4151E1694}.Debug|ARM.Build.0 = Debug|Any CPU
		{87BC95ED-EC6D-4C9D-91D1-F2D4151E1694}.Debug|x64.ActiveCfg = Debug|Any CPU
		{87BC95ED-EC6D-4C9D-91D1-F2D4151E1694}.Debug|x64.Build.0 = Debug|Any CPU
		{87BC95ED-EC6D-4C9D-91D1-F2D4151E1694}.Debug|x86.ActiveCfg = Debug|Any CPU
		{87BC95ED-EC6D-4C9D-91D1-F2D4151E1694}.Debug|x86.Build.0 = Debug|Any CPU
		{87BC95ED-EC6D-4C9D-91D1-F2D4151E1694}.Release|Any CPU.ActiveCfg = Release|Any CPU
		{87BC95ED-EC6D-4C9D-91D1-F2D4151E1694}.Release|Any CPU.Build.0 = Release|Any CPU
		{87BC95ED-EC6D-4C9D-91D1-F2D4151E1694}.Release|ARM.ActiveCfg = Release|Any CPU
		{87BC95ED-EC6D-4C9D-91D1-F2D4151E1694}.Release|ARM.Build.0 = Release|Any CPU
		{87BC95ED-EC6D-4C9D-91D1-F2D4151E1694}.Release|x64.ActiveCfg = Release|Any CPU
		{87BC95ED-EC6D-4C9D-91D1-F2D4151E1694}.Release|x64.Build.0 = Release|Any CPU
		{87BC95ED-EC6D-4C9D-91D1-F2D4151E1694}.Release|x86.ActiveCfg = Release|Any CPU
		{87BC95ED-EC6D-4C9D-91D1-F2D4151E1694}.Release|x86.Build.0 = Release|Any CPU
		{10871586-0C51-457C-B30E-A30A3798FE36}.Debug|Any CPU.ActiveCfg = Debug|Any CPU
		{10871586-0C51-457C-B30E-A30A3798FE36}.Debug|Any CPU.Build.0 = Debug|Any CPU
		{10871586-0C51-457C-B30E-A30A3798FE36}.Debug|ARM.ActiveCfg = Debug|Any CPU
		{10871586-0C51-457C-B30E-A30A3798FE36}.Debug|ARM.Build.0 = Debug|Any CPU
		{10871586-0C51-457C-B30E-A30A3798FE36}.Debug|x64.ActiveCfg = Debug|Any CPU
		{10871586-0C51-457C-B30E-A30A3798FE36}.Debug|x64.Build.0 = Debug|Any CPU
		{10871586-0C51-457C-B30E-A30A3798FE36}.Debug|x86.ActiveCfg = Debug|Any CPU
		{10871586-0C51-457C-B30E-A30A3798FE36}.Debug|x86.Build.0 = Debug|Any CPU
		{10871586-0C51-457C-B30E-A30A3798FE36}.Release|Any CPU.ActiveCfg = Release|Any CPU
		{10871586-0C51-457C-B30E-A30A3798FE36}.Release|Any CPU.Build.0 = Release|Any CPU
		{10871586-0C51-457C-B30E-A30A3798FE36}.Release|ARM.ActiveCfg = Release|Any CPU
		{10871586-0C51-457C-B30E-A30A3798FE36}.Release|ARM.Build.0 = Release|Any CPU
		{10871586-0C51-457C-B30E-A30A3798FE36}.Release|x64.ActiveCfg = Release|Any CPU
		{10871586-0C51-457C-B30E-A30A3798FE36}.Release|x64.Build.0 = Release|Any CPU
		{10871586-0C51-457C-B30E-A30A3798FE36}.Release|x86.ActiveCfg = Release|Any CPU
		{10871586-0C51-457C-B30E-A30A3798FE36}.Release|x86.Build.0 = Release|Any CPU
		{DE27C776-CB4C-42D4-9E82-8D655EDCF6AC}.Debug|Any CPU.ActiveCfg = Debug|Any CPU
		{DE27C776-CB4C-42D4-9E82-8D655EDCF6AC}.Debug|Any CPU.Build.0 = Debug|Any CPU
		{DE27C776-CB4C-42D4-9E82-8D655EDCF6AC}.Debug|ARM.ActiveCfg = Debug|Any CPU
		{DE27C776-CB4C-42D4-9E82-8D655EDCF6AC}.Debug|ARM.Build.0 = Debug|Any CPU
		{DE27C776-CB4C-42D4-9E82-8D655EDCF6AC}.Debug|x64.ActiveCfg = Debug|Any CPU
		{DE27C776-CB4C-42D4-9E82-8D655EDCF6AC}.Debug|x64.Build.0 = Debug|Any CPU
		{DE27C776-CB4C-42D4-9E82-8D655EDCF6AC}.Debug|x86.ActiveCfg = Debug|Any CPU
		{DE27C776-CB4C-42D4-9E82-8D655EDCF6AC}.Debug|x86.Build.0 = Debug|Any CPU
		{DE27C776-CB4C-42D4-9E82-8D655EDCF6AC}.Release|Any CPU.ActiveCfg = Release|Any CPU
		{DE27C776-CB4C-42D4-9E82-8D655EDCF6AC}.Release|Any CPU.Build.0 = Release|Any CPU
		{DE27C776-CB4C-42D4-9E82-8D655EDCF6AC}.Release|ARM.ActiveCfg = Release|Any CPU
		{DE27C776-CB4C-42D4-9E82-8D655EDCF6AC}.Release|ARM.Build.0 = Release|Any CPU
		{DE27C776-CB4C-42D4-9E82-8D655EDCF6AC}.Release|x64.ActiveCfg = Release|Any CPU
		{DE27C776-CB4C-42D4-9E82-8D655EDCF6AC}.Release|x64.Build.0 = Release|Any CPU
		{DE27C776-CB4C-42D4-9E82-8D655EDCF6AC}.Release|x86.ActiveCfg = Release|Any CPU
		{DE27C776-CB4C-42D4-9E82-8D655EDCF6AC}.Release|x86.Build.0 = Release|Any CPU
		{0CFE5333-156B-44CE-83DB-56BFE386DA7B}.Debug|Any CPU.ActiveCfg = Debug|Any CPU
		{0CFE5333-156B-44CE-83DB-56BFE386DA7B}.Debug|Any CPU.Build.0 = Debug|Any CPU
		{0CFE5333-156B-44CE-83DB-56BFE386DA7B}.Debug|ARM.ActiveCfg = Debug|Any CPU
		{0CFE5333-156B-44CE-83DB-56BFE386DA7B}.Debug|ARM.Build.0 = Debug|Any CPU
		{0CFE5333-156B-44CE-83DB-56BFE386DA7B}.Debug|x64.ActiveCfg = Debug|Any CPU
		{0CFE5333-156B-44CE-83DB-56BFE386DA7B}.Debug|x64.Build.0 = Debug|Any CPU
		{0CFE5333-156B-44CE-83DB-56BFE386DA7B}.Debug|x86.ActiveCfg = Debug|Any CPU
		{0CFE5333-156B-44CE-83DB-56BFE386DA7B}.Debug|x86.Build.0 = Debug|Any CPU
		{0CFE5333-156B-44CE-83DB-56BFE386DA7B}.Release|Any CPU.ActiveCfg = Release|Any CPU
		{0CFE5333-156B-44CE-83DB-56BFE386DA7B}.Release|Any CPU.Build.0 = Release|Any CPU
		{0CFE5333-156B-44CE-83DB-56BFE386DA7B}.Release|ARM.ActiveCfg = Release|Any CPU
		{0CFE5333-156B-44CE-83DB-56BFE386DA7B}.Release|ARM.Build.0 = Release|Any CPU
		{0CFE5333-156B-44CE-83DB-56BFE386DA7B}.Release|x64.ActiveCfg = Release|Any CPU
		{0CFE5333-156B-44CE-83DB-56BFE386DA7B}.Release|x64.Build.0 = Release|Any CPU
		{0CFE5333-156B-44CE-83DB-56BFE386DA7B}.Release|x86.ActiveCfg = Release|Any CPU
		{0CFE5333-156B-44CE-83DB-56BFE386DA7B}.Release|x86.Build.0 = Release|Any CPU
		{E4C251A1-EAC3-4A2A-B73C-EE9832BFF5EF}.Debug|Any CPU.ActiveCfg = Debug|Any CPU
		{E4C251A1-EAC3-4A2A-B73C-EE9832BFF5EF}.Debug|Any CPU.Build.0 = Debug|Any CPU
		{E4C251A1-EAC3-4A2A-B73C-EE9832BFF5EF}.Debug|ARM.ActiveCfg = Debug|Any CPU
		{E4C251A1-EAC3-4A2A-B73C-EE9832BFF5EF}.Debug|ARM.Build.0 = Debug|Any CPU
		{E4C251A1-EAC3-4A2A-B73C-EE9832BFF5EF}.Debug|x64.ActiveCfg = Debug|Any CPU
		{E4C251A1-EAC3-4A2A-B73C-EE9832BFF5EF}.Debug|x64.Build.0 = Debug|Any CPU
		{E4C251A1-EAC3-4A2A-B73C-EE9832BFF5EF}.Debug|x86.ActiveCfg = Debug|Any CPU
		{E4C251A1-EAC3-4A2A-B73C-EE9832BFF5EF}.Debug|x86.Build.0 = Debug|Any CPU
		{E4C251A1-EAC3-4A2A-B73C-EE9832BFF5EF}.Release|Any CPU.ActiveCfg = Release|Any CPU
		{E4C251A1-EAC3-4A2A-B73C-EE9832BFF5EF}.Release|Any CPU.Build.0 = Release|Any CPU
		{E4C251A1-EAC3-4A2A-B73C-EE9832BFF5EF}.Release|ARM.ActiveCfg = Release|Any CPU
		{E4C251A1-EAC3-4A2A-B73C-EE9832BFF5EF}.Release|ARM.Build.0 = Release|Any CPU
		{E4C251A1-EAC3-4A2A-B73C-EE9832BFF5EF}.Release|x64.ActiveCfg = Release|Any CPU
		{E4C251A1-EAC3-4A2A-B73C-EE9832BFF5EF}.Release|x64.Build.0 = Release|Any CPU
		{E4C251A1-EAC3-4A2A-B73C-EE9832BFF5EF}.Release|x86.ActiveCfg = Release|Any CPU
		{E4C251A1-EAC3-4A2A-B73C-EE9832BFF5EF}.Release|x86.Build.0 = Release|Any CPU
	EndGlobalSection
	GlobalSection(SolutionProperties) = preSolution
		HideSolutionNode = FALSE
	EndGlobalSection
EndGlobal
